
Microsoft Visual Studio Solution File, Format Version 12.00
# Visual Studio Version 17
VisualStudioVersion = 17.0.32014.148
MinimumVisualStudioVersion = 10.0.40219.1
Project("{8BC9CEB8-8B4A-11D0-8D11-00A0C91BC942}") = "TAD Dictionar", "TAD Dictionar.vcxproj", "{BB1B4FF6-9E04-4727-B359-E6D7A7D40395}"
EndProject
Global
	GlobalSection(SolutionConfigurationPlatforms) = preSolution
		Debug|x64 = Debug|x64
		Debug|x86 = Debug|x86
		Release|x64 = Release|x64
		Release|x86 = Release|x86
	EndGlobalSection
	GlobalSection(ProjectConfigurationPlatforms) = postSolution
		{BB1B4FF6-9E04-4727-B359-E6D7A7D40395}.Debug|x64.ActiveCfg = Debug|x64
		{BB1B4FF6-9E04-4727-B359-E6D7A7D40395}.Debug|x64.Build.0 = Debug|x64
		{BB1B4FF6-9E04-4727-B359-E6D7A7D40395}.Debug|x86.ActiveCfg = Debug|Win32
		{BB1B4FF6-9E04-4727-B359-E6D7A7D40395}.Debug|x86.Build.0 = Debug|Win32
		{BB1B4FF6-9E04-4727-B359-E6D7A7D40395}.Release|x64.ActiveCfg = Release|x64
		{BB1B4FF6-9E04-4727-B359-E6D7A7D40395}.Release|x64.Build.0 = Release|x64
		{BB1B4FF6-9E04-4727-B359-E6D7A7D40395}.Release|x86.ActiveCfg = Release|Win32
		{BB1B4FF6-9E04-4727-B359-E6D7A7D40395}.Release|x86.Build.0 = Release|Win32
	EndGlobalSection
	GlobalSection(SolutionProperties) = preSolution
		HideSolutionNode = FALSE
	EndGlobalSection
	GlobalSection(ExtensibilityGlobals) = postSolution
		SolutionGuid = {FF81DB18-99CC-4D02-AD07-173A5DF3961A}
	EndGlobalSection
EndGlobal
